
Microsoft Visual Studio Solution File, Format Version 12.00
# Visual Studio Version 16
VisualStudioVersion = 16.0.29418.71
MinimumVisualStudioVersion = 10.0.40219.1
Project("{FAE04EC0-301F-11D3-BF4B-00C04F79EFBC}") = "ExecutionPipeline", "ExecutionPipeline.csproj", "{7C68BE9C-1FCF-4625-8144-62ADB4B29751}"
EndProject
Global
	GlobalSection(SolutionConfigurationPlatforms) = preSolution
		Debug|Any CPU = Debug|Any CPU
		Release|Any CPU = Release|Any CPU
	EndGlobalSection
	GlobalSection(ProjectConfigurationPlatforms) = postSolution
		{7C68BE9C-1FCF-4625-8144-62ADB4B29751}.Debug|Any CPU.ActiveCfg = Debug|Any CPU
		{7C68BE9C-1FCF-4625-8144-62ADB4B29751}.Debug|Any CPU.Build.0 = Debug|Any CPU
		{7C68BE9C-1FCF-4625-8144-62ADB4B29751}.Release|Any CPU.ActiveCfg = Release|Any CPU
		{7C68BE9C-1FCF-4625-8144-62ADB4B29751}.Release|Any CPU.Build.0 = Release|Any CPU
	EndGlobalSection
	GlobalSection(SolutionProperties) = preSolution
		HideSolutionNode = FALSE
	EndGlobalSection
	GlobalSection(ExtensibilityGlobals) = postSolution
		SolutionGuid = {341A248E-FD00-4BA0-9497-31C3EA6E256F}
	EndGlobalSection
EndGlobal
